
Microsoft Visual Studio Solution File, Format Version 12.00
# Visual Studio 15
VisualStudioVersion = 15.0.27130.2027
MinimumVisualStudioVersion = 10.0.40219.1
Project("{FAE04EC0-301F-11D3-BF4B-00C04F79EFBC}") = "ECSTechTest", "ToolsQATest\ECSTechTest.csproj", "{B9116D17-5FCC-41E3-A29B-89CC6B377799}"
EndProject
Global
	GlobalSection(SolutionConfigurationPlatforms) = preSolution
		Debug|Any CPU = Debug|Any CPU
		Release|Any CPU = Release|Any CPU
	EndGlobalSection
	GlobalSection(ProjectConfigurationPlatforms) = postSolution
		{B9116D17-5FCC-41E3-A29B-89CC6B377799}.Debug|Any CPU.ActiveCfg = Debug|Any CPU
		{B9116D17-5FCC-41E3-A29B-89CC6B377799}.Debug|Any CPU.Build.0 = Debug|Any CPU
		{B9116D17-5FCC-41E3-A29B-89CC6B377799}.Release|Any CPU.ActiveCfg = Release|Any CPU
		{B9116D17-5FCC-41E3-A29B-89CC6B377799}.Release|Any CPU.Build.0 = Release|Any CPU
	EndGlobalSection
	GlobalSection(SolutionProperties) = preSolution
		HideSolutionNode = FALSE
	EndGlobalSection
	GlobalSection(ExtensibilityGlobals) = postSolution
		SolutionGuid = {A2413B9F-1CA1-438A-8434-2D8316B308B0}
	EndGlobalSection
EndGlobal
